{
    "_readme": [
        "This file locks the dependencies of your project to a known state",
        "Read more about it at https://getcomposer.org/doc/01-basic-usage.md#installing-dependencies",
        "This file is @generated automatically"
    ],
    "content-hash": "8b283beed58f2883bbe4b840abc936e4",
    "packages": [
        {
            "name": "picocss/pico",
            "version": "v2.1.1",
            "source": {
                "type": "git",
                "url": "https://github.com/picocss/pico.git",
                "reference": "1039a4788d6abc368d5485ae6bac84a8f0e3096f"
            },
            "dist": {
                "type": "zip",
                "url": "https://api.github.com/repos/picocss/pico/zipball/1039a4788d6abc368d5485ae6bac84a8f0e3096f",
                "reference": "1039a4788d6abc368d5485ae6bac84a8f0e3096f",
                "shasum": ""
            },
            "type": "library",
            "notification-url": "https://packagist.org/downloads/",
            "license": [
                "MIT"
            ],
            "authors": [
                {
                    "name": "Lucas Larroche",
                    "email": "lucas@larroche.com",
                    "homepage": "https://lucaslarroche.com",
                    "role": "Developer"
                }
            ],
            "description": "Minimal CSS Framework for semantic HTML.",
            "homepage": "https://picocss.com",
            "keywords": [
                "CSS-Framework",
                "css",
                "dark-mode",
                "dark-theme",
                "lightweight",
                "minimal",
                "minimalist",
                "minimalistic",
                "native-html",
                "scss-framework",
                "semantic"
            ],
            "support": {
                "issues": "https://github.com/picocss/pico/issues/",
                "source": "https://github.com/picocss/pico/tree/v2.1.1"
            },
            "time": "2025-03-15T06:44:28+00:00"
        }
    ],
    "packages-dev": [],
    "aliases": [],
    "minimum-stability": "stable",
    "stability-flags": {},
    "prefer-stable": false,
    "prefer-lowest": false,
    "platform": {},
    "platform-dev": {},
    "plugin-api-version": "2.9.0"
}
